
Microsoft Visual Studio Solution File, Format Version 12.00
# Visual Studio Version 16
VisualStudioVersion = 16.0.31702.278
MinimumVisualStudioVersion = 10.0.40219.1
Project("{9A19103F-16F7-4668-BE54-9A1E7A4F7556}") = "Json2Parquet", "Json2Parquet.csproj", "{40C4152E-E8A0-49EF-868C-9DB140CFB9C9}"
EndProject
Project("{2150E333-8FDC-42A3-9474-1A3956D46DE8}") = "docs", "docs", "{DE397227-F548-466A-A498-F1B2067F5085}"
	ProjectSection(SolutionItems) = preProject
		..\README.md = ..\README.md
	EndProjectSection
EndProject
Global
	GlobalSection(SolutionConfigurationPlatforms) = preSolution
		Debug|Any CPU = Debug|Any CPU
		Release|Any CPU = Release|Any CPU
	EndGlobalSection
	GlobalSection(ProjectConfigurationPlatforms) = postSolution
		{40C4152E-E8A0-49EF-868C-9DB140CFB9C9}.Debug|Any CPU.ActiveCfg = Debug|Any CPU
		{40C4152E-E8A0-49EF-868C-9DB140CFB9C9}.Debug|Any CPU.Build.0 = Debug|Any CPU
		{40C4152E-E8A0-49EF-868C-9DB140CFB9C9}.Release|Any CPU.ActiveCfg = Release|Any CPU
		{40C4152E-E8A0-49EF-868C-9DB140CFB9C9}.Release|Any CPU.Build.0 = Release|Any CPU
	EndGlobalSection
	GlobalSection(SolutionProperties) = preSolution
		HideSolutionNode = FALSE
	EndGlobalSection
	GlobalSection(ExtensibilityGlobals) = postSolution
		SolutionGuid = {E9C2BA15-365D-4FA7-BE25-8A90BC3924DA}
	EndGlobalSection
EndGlobal
